// !$*UTF8*$!
{
	archiveVersion = 1;
	classes = {
	};
	objectVersion = 46;
	objects = {

/* Begin PBXBuildFile section */
		CE18EDCC17EAEE2C008000A8 /* SUScreenshotUtil.m in Sources */ = {isa = PBXBuildFile; fileRef = CE18EDCB17EAEE2C008000A8 /* SUScreenshotUtil.m */; };
		CE18EDD617EB10B2008000A8 /* SUGridViewController.m in Sources */ = {isa = PBXBuildFile; fileRef = CE18EDD017EB10B2008000A8 /* SUGridViewController.m */; };
		CE18EDD717EB10B2008000A8 /* SUGridUnderLayerView.m in Sources */ = {isa = PBXBuildFile; fileRef = CE18EDD317EB10B2008000A8 /* SUGridUnderLayerView.m */; };
		CE18EDD817EB10B2008000A8 /* SUGridView.m in Sources */ = {isa = PBXBuildFile; fileRef = CE18EDD517EB10B2008000A8 /* SUGridView.m */; };
		CE18EDDB17EB1151008000A8 /* SUCoolTool.m in Sources */ = {isa = PBXBuildFile; fileRef = CE18EDDA17EB1151008000A8 /* SUCoolTool.m */; };
		CE20C4DB17F2ED5D0065A295 /* SUGridRootView.m in Sources */ = {isa = PBXBuildFile; fileRef = CE20C4DA17F2ED5D0065A295 /* SUGridRootView.m */; };
		CE2DB85717EC673200196E3D /* SUToolbarView.m in Sources */ = {isa = PBXBuildFile; fileRef = CE2DB85617EC673200196E3D /* SUToolbarView.m */; };
		CE4C2AF417F0613100275FFB /* iOS123.png in Resources */ = {isa = PBXBuildFile; fileRef = CE4C2AF317F0613100275FFB /* iOS123.png */; };
		CE7E3FF417E9F8410083F861 /* UIKit.framework in Frameworks */ = {isa = PBXBuildFile; fileRef = CE7E3FF317E9F8410083F861 /* UIKit.framework */; };
		CE7E3FF617E9F8410083F861 /* Foundation.framework in Frameworks */ = {isa = PBXBuildFile; fileRef = CE7E3FF517E9F8410083F861 /* Foundation.framework */; };
		CE7E3FF817E9F8410083F861 /* CoreGraphics.framework in Frameworks */ = {isa = PBXBuildFile; fileRef = CE7E3FF717E9F8410083F861 /* CoreGraphics.framework */; };
		CE7E401B17E9F8410083F861 /* SenTestingKit.framework in Frameworks */ = {isa = PBXBuildFile; fileRef = CE7E401A17E9F8410083F861 /* SenTestingKit.framework */; };
		CE7E401C17E9F8410083F861 /* UIKit.framework in Frameworks */ = {isa = PBXBuildFile; fileRef = CE7E3FF317E9F8410083F861 /* UIKit.framework */; };
		CE7E401D17E9F8410083F861 /* Foundation.framework in Frameworks */ = {isa = PBXBuildFile; fileRef = CE7E3FF517E9F8410083F861 /* Foundation.framework */; };
		CE7E402517E9F8410083F861 /* InfoPlist.strings in Resources */ = {isa = PBXBuildFile; fileRef = CE7E402317E9F8410083F861 /* InfoPlist.strings */; };
		CE7E402817E9F8420083F861 /* CoolToolTests.m in Sources */ = {isa = PBXBuildFile; fileRef = CE7E402717E9F8420083F861 /* CoolToolTests.m */; };
		CE7E404E17E9FCE30083F861 /* SUViewController.m in Sources */ = {isa = PBXBuildFile; fileRef = CE7E403E17E9FCE30083F861 /* SUViewController.m */; };
		CE7E405017E9FCE30083F861 /* Default-568h@2x.png in Resources */ = {isa = PBXBuildFile; fileRef = CE7E404217E9FCE30083F861 /* Default-568h@2x.png */; };
		CE7E405117E9FCE30083F861 /* Default.png in Resources */ = {isa = PBXBuildFile; fileRef = CE7E404317E9FCE30083F861 /* Default.png */; };
		CE7E405217E9FCE30083F861 /* Default@2x.png in Resources */ = {isa = PBXBuildFile; fileRef = CE7E404417E9FCE30083F861 /* Default@2x.png */; };
		CE7E405317E9FCE30083F861 /* InfoPlist.strings in Resources */ = {isa = PBXBuildFile; fileRef = CE7E404517E9FCE30083F861 /* InfoPlist.strings */; };
		CE7E405417E9FCE30083F861 /* MainStoryboard_iPad.storyboard in Resources */ = {isa = PBXBuildFile; fileRef = CE7E404717E9FCE30083F861 /* MainStoryboard_iPad.storyboard */; };
		CE7E405517E9FCE30083F861 /* MainStoryboard_iPhone.storyboard in Resources */ = {isa = PBXBuildFile; fileRef = CE7E404917E9FCE30083F861 /* MainStoryboard_iPhone.storyboard */; };
		CE7E405617E9FCE30083F861 /* main.m in Sources */ = {isa = PBXBuildFile; fileRef = CE7E404B17E9FCE30083F861 /* main.m */; };
		CE7E405717E9FCE30083F861 /* SUAppDelegate.m in Sources */ = {isa = PBXBuildFile; fileRef = CE7E404D17E9FCE30083F861 /* SUAppDelegate.m */; };
		CE7E406217EA031F0083F861 /* Localizable.strings in Resources */ = {isa = PBXBuildFile; fileRef = CE7E406417EA031F0083F861 /* Localizable.strings */; };
		CE9EB67117F1D49200D36860 /* SUZoomController.m in Sources */ = {isa = PBXBuildFile; fileRef = CE9EB67017F1D49200D36860 /* SUZoomController.m */; };
/* End PBXBuildFile section */

/* Begin PBXContainerItemProxy section */
		CE7E401E17E9F8410083F861 /* PBXContainerItemProxy */ = {
			isa = PBXContainerItemProxy;
			containerPortal = CE7E3FE817E9F8410083F861 /* Project object */;
			proxyType = 1;
			remoteGlobalIDString = CE7E3FEF17E9F8410083F861;
			remoteInfo = CoolTool;
		};
/* End PBXContainerItemProxy section */

/* Begin PBXFileReference section */
		CE18EDCA17EAEE2C008000A8 /* SUScreenshotUtil.h */ = {isa = PBXFileReference; fileEncoding = 4; lastKnownFileType = sourcecode.c.h; path = SUScreenshotUtil.h; sourceTree = "<group>"; };
		CE18EDCB17EAEE2C008000A8 /* SUScreenshotUtil.m */ = {isa = PBXFileReference; fileEncoding = 4; lastKnownFileType = sourcecode.c.objc; path = SUScreenshotUtil.m; sourceTree = "<group>"; };
		CE18EDCF17EB10B2008000A8 /* SUGridViewController.h */ = {isa = PBXFileReference; fileEncoding = 4; lastKnownFileType = sourcecode.c.h; path = SUGridViewController.h; sourceTree = "<group>"; };
		CE18EDD017EB10B2008000A8 /* SUGridViewController.m */ = {isa = PBXFileReference; fileEncoding = 4; lastKnownFileType = sourcecode.c.objc; path = SUGridViewController.m; sourceTree = "<group>"; };
		CE18EDD217EB10B2008000A8 /* SUGridUnderLayerView.h */ = {isa = PBXFileReference; fileEncoding = 4; lastKnownFileType = sourcecode.c.h; path = SUGridUnderLayerView.h; sourceTree = "<group>"; };
		CE18EDD317EB10B2008000A8 /* SUGridUnderLayerView.m */ = {isa = PBXFileReference; fileEncoding = 4; lastKnownFileType = sourcecode.c.objc; path = SUGridUnderLayerView.m; sourceTree = "<group>"; };
		CE18EDD417EB10B2008000A8 /* SUGridView.h */ = {isa = PBXFileReference; fileEncoding = 4; lastKnownFileType = sourcecode.c.h; path = SUGridView.h; sourceTree = "<group>"; };
		CE18EDD517EB10B2008000A8 /* SUGridView.m */ = {isa = PBXFileReference; fileEncoding = 4; lastKnownFileType = sourcecode.c.objc; path = SUGridView.m; sourceTree = "<group>"; };
		CE18EDD917EB1151008000A8 /* SUCoolTool.h */ = {isa = PBXFileReference; fileEncoding = 4; lastKnownFileType = sourcecode.c.h; path = SUCoolTool.h; sourceTree = "<group>"; };
		CE18EDDA17EB1151008000A8 /* SUCoolTool.m */ = {isa = PBXFileReference; fileEncoding = 4; lastKnownFileType = sourcecode.c.objc; path = SUCoolTool.m; sourceTree = "<group>"; };
		CE20C4D917F2ED5D0065A295 /* SUGridRootView.h */ = {isa = PBXFileReference; fileEncoding = 4; lastKnownFileType = sourcecode.c.h; path = SUGridRootView.h; sourceTree = "<group>"; };
		CE20C4DA17F2ED5D0065A295 /* SUGridRootView.m */ = {isa = PBXFileReference; fileEncoding = 4; lastKnownFileType = sourcecode.c.objc; path = SUGridRootView.m; sourceTree = "<group>"; };
		CE2DB85517EC673200196E3D /* SUToolbarView.h */ = {isa = PBXFileReference; fileEncoding = 4; lastKnownFileType = sourcecode.c.h; path = SUToolbarView.h; sourceTree = "<group>"; };
		CE2DB85617EC673200196E3D /* SUToolbarView.m */ = {isa = PBXFileReference; fileEncoding = 4; lastKnownFileType = sourcecode.c.objc; path = SUToolbarView.m; sourceTree = "<group>"; };
		CE4C2AF317F0613100275FFB /* iOS123.png */ = {isa = PBXFileReference; lastKnownFileType = image.png; path = iOS123.png; sourceTree = "<group>"; };
		CE7E3FF017E9F8410083F861 /* CoolTool.app */ = {isa = PBXFileReference; explicitFileType = wrapper.application; includeInIndex = 0; path = CoolTool.app; sourceTree = BUILT_PRODUCTS_DIR; };
		CE7E3FF317E9F8410083F861 /* UIKit.framework */ = {isa = PBXFileReference; lastKnownFileType = wrapper.framework; name = UIKit.framework; path = System/Library/Frameworks/UIKit.framework; sourceTree = SDKROOT; };
		CE7E3FF517E9F8410083F861 /* Foundation.framework */ = {isa = PBXFileReference; lastKnownFileType = wrapper.framework; name = Foundation.framework; path = System/Library/Frameworks/Foundation.framework; sourceTree = SDKROOT; };
		CE7E3FF717E9F8410083F861 /* CoreGraphics.framework */ = {isa = PBXFileReference; lastKnownFileType = wrapper.framework; name = CoreGraphics.framework; path = System/Library/Frameworks/CoreGraphics.framework; sourceTree = SDKROOT; };
		CE7E401917E9F8410083F861 /* CoolToolTests.octest */ = {isa = PBXFileReference; explicitFileType = wrapper.cfbundle; includeInIndex = 0; path = CoolToolTests.octest; sourceTree = BUILT_PRODUCTS_DIR; };
		CE7E401A17E9F8410083F861 /* SenTestingKit.framework */ = {isa = PBXFileReference; lastKnownFileType = wrapper.framework; name = SenTestingKit.framework; path = Library/Frameworks/SenTestingKit.framework; sourceTree = DEVELOPER_DIR; };
		CE7E402217E9F8410083F861 /* CoolToolTests-Info.plist */ = {isa = PBXFileReference; lastKnownFileType = text.plist.xml; path = "CoolToolTests-Info.plist"; sourceTree = "<group>"; };
		CE7E402417E9F8410083F861 /* en */ = {isa = PBXFileReference; lastKnownFileType = text.plist.strings; name = en; path = en.lproj/InfoPlist.strings; sourceTree = "<group>"; };
		CE7E402617E9F8410083F861 /* CoolToolTests.h */ = {isa = PBXFileReference; lastKnownFileType = sourcecode.c.h; path = CoolToolTests.h; sourceTree = "<group>"; };
		CE7E402717E9F8420083F861 /* CoolToolTests.m */ = {isa = PBXFileReference; lastKnownFileType = sourcecode.c.objc; path = CoolToolTests.m; sourceTree = "<group>"; };
		CE7E403D17E9FCE30083F861 /* SUViewController.h */ = {isa = PBXFileReference; fileEncoding = 4; lastKnownFileType = sourcecode.c.h; path = SUViewController.h; sourceTree = "<group>"; };
		CE7E403E17E9FCE30083F861 /* SUViewController.m */ = {isa = PBXFileReference; fileEncoding = 4; lastKnownFileType = sourcecode.c.objc; path = SUViewController.m; sourceTree = "<group>"; };
		CE7E404017E9FCE30083F861 /* CoolTool-Info.plist */ = {isa = PBXFileReference; fileEncoding = 4; lastKnownFileType = text.plist.xml; path = "CoolTool-Info.plist"; sourceTree = "<group>"; };
		CE7E404117E9FCE30083F861 /* CoolTool-Prefix.pch */ = {isa = PBXFileReference; fileEncoding = 4; lastKnownFileType = sourcecode.c.h; path = "CoolTool-Prefix.pch"; sourceTree = "<group>"; };
		CE7E404217E9FCE30083F861 /* Default-568h@2x.png */ = {isa = PBXFileReference; lastKnownFileType = image.png; path = "Default-568h@2x.png"; sourceTree = "<group>"; };
		CE7E404317E9FCE30083F861 /* Default.png */ = {isa = PBXFileReference; lastKnownFileType = image.png; path = Default.png; sourceTree = "<group>"; };
		CE7E404417E9FCE30083F861 /* Default@2x.png */ = {isa = PBXFileReference; lastKnownFileType = image.png; path = "Default@2x.png"; sourceTree = "<group>"; };
		CE7E404617E9FCE30083F861 /* en */ = {isa = PBXFileReference; lastKnownFileType = text.plist.strings; name = en; path = en.lproj/InfoPlist.strings; sourceTree = "<group>"; };
		CE7E404817E9FCE30083F861 /* en */ = {isa = PBXFileReference; lastKnownFileType = file.storyboard; name = en; path = en.lproj/MainStoryboard_iPad.storyboard; sourceTree = "<group>"; };
		CE7E404A17E9FCE30083F861 /* en */ = {isa = PBXFileReference; lastKnownFileType = file.storyboard; name = en; path = en.lproj/MainStoryboard_iPhone.storyboard; sourceTree = "<group>"; };
		CE7E404B17E9FCE30083F861 /* main.m */ = {isa = PBXFileReference; fileEncoding = 4; lastKnownFileType = sourcecode.c.objc; path = main.m; sourceTree = "<group>"; };
		CE7E404C17E9FCE30083F861 /* SUAppDelegate.h */ = {isa = PBXFileReference; fileEncoding = 4; lastKnownFileType = sourcecode.c.h; path = SUAppDelegate.h; sourceTree = "<group>"; };
		CE7E404D17E9FCE30083F861 /* SUAppDelegate.m */ = {isa = PBXFileReference; fileEncoding = 4; lastKnownFileType = sourcecode.c.objc; path = SUAppDelegate.m; sourceTree = "<group>"; };
		CE7E406317EA031F0083F861 /* en */ = {isa = PBXFileReference; lastKnownFileType = text.plist.strings; name = en; path = en.lproj/Localizable.strings; sourceTree = "<group>"; };
		CE9EB66F17F1D49200D36860 /* SUZoomController.h */ = {isa = PBXFileReference; fileEncoding = 4; lastKnownFileType = sourcecode.c.h; path = SUZoomController.h; sourceTree = "<group>"; };
		CE9EB67017F1D49200D36860 /* SUZoomController.m */ = {isa = PBXFileReference; fileEncoding = 4; lastKnownFileType = sourcecode.c.objc; path = SUZoomController.m; sourceTree = "<group>"; };
/* End PBXFileReference section */

/* Begin PBXFrameworksBuildPhase section */
		CE7E3FED17E9F8410083F861 /* Frameworks */ = {
			isa = PBXFrameworksBuildPhase;
			buildActionMask = 2147483647;
			files = (
				CE7E3FF417E9F8410083F861 /* UIKit.framework in Frameworks */,
				CE7E3FF617E9F8410083F861 /* Foundation.framework in Frameworks */,
				CE7E3FF817E9F8410083F861 /* CoreGraphics.framework in Frameworks */,
			);
			runOnlyForDeploymentPostprocessing = 0;
		};
		CE7E401517E9F8410083F861 /* Frameworks */ = {
			isa = PBXFrameworksBuildPhase;
			buildActionMask = 2147483647;
			files = (
				CE7E401B17E9F8410083F861 /* SenTestingKit.framework in Frameworks */,
				CE7E401C17E9F8410083F861 /* UIKit.framework in Frameworks */,
				CE7E401D17E9F8410083F861 /* Foundation.framework in Frameworks */,
			);
			runOnlyForDeploymentPostprocessing = 0;
		};
/* End PBXFrameworksBuildPhase section */

/* Begin PBXGroup section */
		CE18EDCD17EB10B2008000A8 /* Third Party */ = {
			isa = PBXGroup;
			children = (
				CE18EDCE17EB10B2008000A8 /* GridViewController */,
				CE18EDD917EB1151008000A8 /* SUCoolTool.h */,
				CE18EDDA17EB1151008000A8 /* SUCoolTool.m */,
			);
			path = "Third Party";
			sourceTree = "<group>";
		};
		CE18EDCE17EB10B2008000A8 /* GridViewController */ = {
			isa = PBXGroup;
			children = (
				CE18EDCF17EB10B2008000A8 /* SUGridViewController.h */,
				CE18EDD017EB10B2008000A8 /* SUGridViewController.m */,
				CE18EDD117EB10B2008000A8 /* Views */,
				CE9EB66F17F1D49200D36860 /* SUZoomController.h */,
				CE9EB67017F1D49200D36860 /* SUZoomController.m */,
			);
			path = GridViewController;
			sourceTree = "<group>";
		};
		CE18EDD117EB10B2008000A8 /* Views */ = {
			isa = PBXGroup;
			children = (
				CE18EDD217EB10B2008000A8 /* SUGridUnderLayerView.h */,
				CE18EDD317EB10B2008000A8 /* SUGridUnderLayerView.m */,
				CE18EDD417EB10B2008000A8 /* SUGridView.h */,
				CE18EDD517EB10B2008000A8 /* SUGridView.m */,
				CE2DB85517EC673200196E3D /* SUToolbarView.h */,
				CE2DB85617EC673200196E3D /* SUToolbarView.m */,
				CE20C4D917F2ED5D0065A295 /* SUGridRootView.h */,
				CE20C4DA17F2ED5D0065A295 /* SUGridRootView.m */,
			);
			path = Views;
			sourceTree = "<group>";
		};
		CE7E3FE717E9F8410083F861 = {
			isa = PBXGroup;
			children = (
				CE7E3FF917E9F8410083F861 /* CoolTool */,
				CE7E402017E9F8410083F861 /* CoolToolTests */,
				CE7E3FF217E9F8410083F861 /* Frameworks */,
				CE7E3FF117E9F8410083F861 /* Products */,
			);
			sourceTree = "<group>";
		};
		CE7E3FF117E9F8410083F861 /* Products */ = {
			isa = PBXGroup;
			children = (
				CE7E3FF017E9F8410083F861 /* CoolTool.app */,
				CE7E401917E9F8410083F861 /* CoolToolTests.octest */,
			);
			name = Products;
			sourceTree = "<group>";
		};
		CE7E3FF217E9F8410083F861 /* Frameworks */ = {
			isa = PBXGroup;
			children = (
				CE7E3FF317E9F8410083F861 /* UIKit.framework */,
				CE7E3FF517E9F8410083F861 /* Foundation.framework */,
				CE7E3FF717E9F8410083F861 /* CoreGraphics.framework */,
				CE7E401A17E9F8410083F861 /* SenTestingKit.framework */,
			);
			name = Frameworks;
			sourceTree = "<group>";
		};
		CE7E3FF917E9F8410083F861 /* CoolTool */ = {
			isa = PBXGroup;
			children = (
				CE7E403917E9FCE30083F861 /* Resources */,
				CE7E403A17E9FCE30083F861 /* Sources */,
				CE7E403F17E9FCE30083F861 /* Supporting Files */,
			);
			path = CoolTool;
			sourceTree = "<group>";
		};
		CE7E402017E9F8410083F861 /* CoolToolTests */ = {
			isa = PBXGroup;
			children = (
				CE7E402617E9F8410083F861 /* CoolToolTests.h */,
				CE7E402717E9F8420083F861 /* CoolToolTests.m */,
				CE7E402117E9F8410083F861 /* Supporting Files */,
			);
			path = CoolToolTests;
			sourceTree = "<group>";
		};
		CE7E402117E9F8410083F861 /* Supporting Files */ = {
			isa = PBXGroup;
			children = (
				CE7E402217E9F8410083F861 /* CoolToolTests-Info.plist */,
				CE7E402317E9F8410083F861 /* InfoPlist.strings */,
			);
			name = "Supporting Files";
			sourceTree = "<group>";
		};
		CE7E403917E9FCE30083F861 /* Resources */ = {
			isa = PBXGroup;
			children = (
				CE7E405F17EA02A00083F861 /* Languages */,
			);
			path = Resources;
			sourceTree = "<group>";
		};
		CE7E403A17E9FCE30083F861 /* Sources */ = {
			isa = PBXGroup;
			children = (
				CE18EDCD17EB10B2008000A8 /* Third Party */,
				CE7E403B17E9FCE30083F861 /* Utils */,
				CE7E403C17E9FCE30083F861 /* ViewControllers */,
			);
			path = Sources;
			sourceTree = "<group>";
		};
		CE7E403B17E9FCE30083F861 /* Utils */ = {
			isa = PBXGroup;
			children = (
				CE18EDCA17EAEE2C008000A8 /* SUScreenshotUtil.h */,
				CE18EDCB17EAEE2C008000A8 /* SUScreenshotUtil.m */,
			);
			path = Utils;
			sourceTree = "<group>";
		};
		CE7E403C17E9FCE30083F861 /* ViewControllers */ = {
			isa = PBXGroup;
			children = (
				CE7E403D17E9FCE30083F861 /* SUViewController.h */,
				CE7E403E17E9FCE30083F861 /* SUViewController.m */,
			);
			path = ViewControllers;
			sourceTree = "<group>";
		};
		CE7E403F17E9FCE30083F861 /* Supporting Files */ = {
			isa = PBXGroup;
			children = (
				CE4C2AF317F0613100275FFB /* iOS123.png */,
				CE7E404017E9FCE30083F861 /* CoolTool-Info.plist */,
				CE7E404117E9FCE30083F861 /* CoolTool-Prefix.pch */,
				CE7E404217E9FCE30083F861 /* Default-568h@2x.png */,
				CE7E404317E9FCE30083F861 /* Default.png */,
				CE7E404417E9FCE30083F861 /* Default@2x.png */,
				CE7E404517E9FCE30083F861 /* InfoPlist.strings */,
				CE7E404717E9FCE30083F861 /* MainStoryboard_iPad.storyboard */,
				CE7E404917E9FCE30083F861 /* MainStoryboard_iPhone.storyboard */,
				CE7E404B17E9FCE30083F861 /* main.m */,
				CE7E404C17E9FCE30083F861 /* SUAppDelegate.h */,
				CE7E404D17E9FCE30083F861 /* SUAppDelegate.m */,
			);
			path = "Supporting Files";
			sourceTree = "<group>";
		};
		CE7E405F17EA02A00083F861 /* Languages */ = {
			isa = PBXGroup;
			children = (
				CE7E406417EA031F0083F861 /* Localizable.strings */,
			);
			path = Languages;
			sourceTree = "<group>";
		};
/* End PBXGroup section */

/* Begin PBXNativeTarget section */
		CE7E3FEF17E9F8410083F861 /* CoolTool */ = {
			isa = PBXNativeTarget;
			buildConfigurationList = CE7E402B17E9F8420083F861 /* Build configuration list for PBXNativeTarget "CoolTool" */;
			buildPhases = (
				CE7E3FEC17E9F8410083F861 /* Sources */,
				CE7E3FED17E9F8410083F861 /* Frameworks */,
				CE7E3FEE17E9F8410083F861 /* Resources */,
			);
			buildRules = (
			);
			dependencies = (
			);
			name = CoolTool;
			productName = CoolTool;
			productReference = CE7E3FF017E9F8410083F861 /* CoolTool.app */;
			productType = "com.apple.product-type.application";
		};
		CE7E401817E9F8410083F861 /* CoolToolTests */ = {
			isa = PBXNativeTarget;
			buildConfigurationList = CE7E402E17E9F8420083F861 /* Build configuration list for PBXNativeTarget "CoolToolTests" */;
			buildPhases = (
				CE7E401417E9F8410083F861 /* Sources */,
				CE7E401517E9F8410083F861 /* Frameworks */,
				CE7E401617E9F8410083F861 /* Resources */,
				CE7E401717E9F8410083F861 /* ShellScript */,
			);
			buildRules = (
			);
			dependencies = (
				CE7E401F17E9F8410083F861 /* PBXTargetDependency */,
			);
			name = CoolToolTests;
			productName = CoolToolTests;
			productReference = CE7E401917E9F8410083F861 /* CoolToolTests.octest */;
			productType = "com.apple.product-type.bundle";
		};
/* End PBXNativeTarget section */

/* Begin PBXProject section */
		CE7E3FE817E9F8410083F861 /* Project object */ = {
			isa = PBXProject;
			attributes = {
				CLASSPREFIX = SU;
				LastUpgradeCheck = 0460;
				ORGANIZATIONNAME = "Sigma Ukraine";
			};
			buildConfigurationList = CE7E3FEB17E9F8410083F861 /* Build configuration list for PBXProject "CoolTool" */;
			compatibilityVersion = "Xcode 3.2";
			developmentRegion = English;
			hasScannedForEncodings = 0;
			knownRegions = (
				en,
			);
			mainGroup = CE7E3FE717E9F8410083F861;
			productRefGroup = CE7E3FF117E9F8410083F861 /* Products */;
			projectDirPath = "";
			projectRoot = "";
			targets = (
				CE7E3FEF17E9F8410083F861 /* CoolTool */,
				CE7E401817E9F8410083F861 /* CoolToolTests */,
			);
		};
/* End PBXProject section */

/* Begin PBXResourcesBuildPhase section */
		CE7E3FEE17E9F8410083F861 /* Resources */ = {
			isa = PBXResourcesBuildPhase;
			buildActionMask = 2147483647;
			files = (
				CE7E405017E9FCE30083F861 /* Default-568h@2x.png in Resources */,
				CE7E405117E9FCE30083F861 /* Default.png in Resources */,
				CE7E405217E9FCE30083F861 /* Default@2x.png in Resources */,
				CE7E405317E9FCE30083F861 /* InfoPlist.strings in Resources */,
				CE7E405417E9FCE30083F861 /* MainStoryboard_iPad.storyboard in Resources */,
				CE7E405517E9FCE30083F861 /* MainStoryboard_iPhone.storyboard in Resources */,
				CE7E406217EA031F0083F861 /* Localizable.strings in Resources */,
				CE4C2AF417F0613100275FFB /* iOS123.png in Resources */,
			);
			runOnlyForDeploymentPostprocessing = 0;
		};
		CE7E401617E9F8410083F861 /* Resources */ = {
			isa = PBXResourcesBuildPhase;
			buildActionMask = 2147483647;
			files = (
				CE7E402517E9F8410083F861 /* InfoPlist.strings in Resources */,
			);
			runOnlyForDeploymentPostprocessing = 0;
		};
/* End PBXResourcesBuildPhase section */

/* Begin PBXShellScriptBuildPhase section */
		CE7E401717E9F8410083F861 /* ShellScript */ = {
			isa = PBXShellScriptBuildPhase;
			buildActionMask = 2147483647;
			files = (
			);
			inputPaths = (
			);
			outputPaths = (
			);
			runOnlyForDeploymentPostprocessing = 0;
			shellPath = /bin/sh;
			shellScript = "# Run the unit tests in this test bundle.\n\"${SYSTEM_DEVELOPER_DIR}/Tools/RunUnitTests\"\n";
		};
/* End PBXShellScriptBuildPhase section */

/* Begin PBXSourcesBuildPhase section */
		CE7E3FEC17E9F8410083F861 /* Sources */ = {
			isa = PBXSourcesBuildPhase;
			buildActionMask = 2147483647;
			files = (
				CE7E404E17E9FCE30083F861 /* SUViewController.m in Sources */,
				CE7E405617E9FCE30083F861 /* main.m in Sources */,
				CE7E405717E9FCE30083F861 /* SUAppDelegate.m in Sources */,
				CE18EDCC17EAEE2C008000A8 /* SUScreenshotUtil.m in Sources */,
				CE18EDD617EB10B2008000A8 /* SUGridViewController.m in Sources */,
				CE18EDD717EB10B2008000A8 /* SUGridUnderLayerView.m in Sources */,
				CE18EDD817EB10B2008000A8 /* SUGridView.m in Sources */,
				CE18EDDB17EB1151008000A8 /* SUCoolTool.m in Sources */,
				CE2DB85717EC673200196E3D /* SUToolbarView.m in Sources */,
				CE9EB67117F1D49200D36860 /* SUZoomController.m in Sources */,
				CE20C4DB17F2ED5D0065A295 /* SUGridRootView.m in Sources */,
			);
			runOnlyForDeploymentPostprocessing = 0;
		};
		CE7E401417E9F8410083F861 /* Sources */ = {
			isa = PBXSourcesBuildPhase;
			buildActionMask = 2147483647;
			files = (
				CE7E402817E9F8420083F861 /* CoolToolTests.m in Sources */,
			);
			runOnlyForDeploymentPostprocessing = 0;
		};
/* End PBXSourcesBuildPhase section */

/* Begin PBXTargetDependency section */
		CE7E401F17E9F8410083F861 /* PBXTargetDependency */ = {
			isa = PBXTargetDependency;
			target = CE7E3FEF17E9F8410083F861 /* CoolTool */;
			targetProxy = CE7E401E17E9F8410083F861 /* PBXContainerItemProxy */;
		};
/* End PBXTargetDependency section */

/* Begin PBXVariantGroup section */
		CE7E402317E9F8410083F861 /* InfoPlist.strings */ = {
			isa = PBXVariantGroup;
			children = (
				CE7E402417E9F8410083F861 /* en */,
			);
			name = InfoPlist.strings;
			sourceTree = "<group>";
		};
		CE7E404517E9FCE30083F861 /* InfoPlist.strings */ = {
			isa = PBXVariantGroup;
			children = (
				CE7E404617E9FCE30083F861 /* en */,
			);
			name = InfoPlist.strings;
			sourceTree = "<group>";
		};
		CE7E404717E9FCE30083F861 /* MainStoryboard_iPad.storyboard */ = {
			isa = PBXVariantGroup;
			children = (
				CE7E404817E9FCE30083F861 /* en */,
			);
			name = MainStoryboard_iPad.storyboard;
			sourceTree = "<group>";
		};
		CE7E404917E9FCE30083F861 /* MainStoryboard_iPhone.storyboard */ = {
			isa = PBXVariantGroup;
			children = (
				CE7E404A17E9FCE30083F861 /* en */,
			);
			name = MainStoryboard_iPhone.storyboard;
			sourceTree = "<group>";
		};
		CE7E406417EA031F0083F861 /* Localizable.strings */ = {
			isa = PBXVariantGroup;
			children = (
				CE7E406317EA031F0083F861 /* en */,
			);
			name = Localizable.strings;
			sourceTree = "<group>";
		};
/* End PBXVariantGroup section */

/* Begin XCBuildConfiguration section */
		CE7E402917E9F8420083F861 /* Debug */ = {
			isa = XCBuildConfiguration;
			buildSettings = {
				ALWAYS_SEARCH_USER_PATHS = NO;
				CLANG_CXX_LANGUAGE_STANDARD = "gnu++0x";
				CLANG_CXX_LIBRARY = "libc++";
				CLANG_ENABLE_OBJC_ARC = YES;
				CLANG_WARN_CONSTANT_CONVERSION = YES;
				CLANG_WARN_EMPTY_BODY = YES;
				CLANG_WARN_ENUM_CONVERSION = YES;
				CLANG_WARN_INT_CONVERSION = YES;
				CLANG_WARN__DUPLICATE_METHOD_MATCH = YES;
				"CODE_SIGN_IDENTITY[sdk=iphoneos*]" = "iPhone Developer";
				COPY_PHASE_STRIP = NO;
				GCC_C_LANGUAGE_STANDARD = gnu99;
				GCC_DYNAMIC_NO_PIC = NO;
				GCC_OPTIMIZATION_LEVEL = 0;
				GCC_PREPROCESSOR_DEFINITIONS = (
					"DEBUG=1",
					"$(inherited)",
				);
				GCC_SYMBOLS_PRIVATE_EXTERN = NO;
				GCC_WARN_ABOUT_RETURN_TYPE = YES;
				GCC_WARN_UNINITIALIZED_AUTOS = YES;
				GCC_WARN_UNUSED_VARIABLE = YES;
				IPHONEOS_DEPLOYMENT_TARGET = 6.0;
				ONLY_ACTIVE_ARCH = YES;
				SDKROOT = iphoneos;
				TARGETED_DEVICE_FAMILY = "1,2";
			};
			name = Debug;
		};
		CE7E402A17E9F8420083F861 /* Release */ = {
			isa = XCBuildConfiguration;
			buildSettings = {
				ALWAYS_SEARCH_USER_PATHS = NO;
				CLANG_CXX_LANGUAGE_STANDARD = "gnu++0x";
				CLANG_CXX_LIBRARY = "libc++";
				CLANG_ENABLE_OBJC_ARC = YES;
				CLANG_WARN_CONSTANT_CONVERSION = YES;
				CLANG_WARN_EMPTY_BODY = YES;
				CLANG_WARN_ENUM_CONVERSION = YES;
				CLANG_WARN_INT_CONVERSION = YES;
				CLANG_WARN__DUPLICATE_METHOD_MATCH = YES;
				"CODE_SIGN_IDENTITY[sdk=iphoneos*]" = "iPhone Developer";
				COPY_PHASE_STRIP = YES;
				GCC_C_LANGUAGE_STANDARD = gnu99;
				GCC_WARN_ABOUT_RETURN_TYPE = YES;
				GCC_WARN_UNINITIALIZED_AUTOS = YES;
				GCC_WARN_UNUSED_VARIABLE = YES;
				IPHONEOS_DEPLOYMENT_TARGET = 6.0;
				OTHER_CFLAGS = "-DNS_BLOCK_ASSERTIONS=1";
				SDKROOT = iphoneos;
				TARGETED_DEVICE_FAMILY = "1,2";
				VALIDATE_PRODUCT = YES;
			};
			name = Release;
		};
		CE7E402C17E9F8420083F861 /* Debug */ = {
			isa = XCBuildConfiguration;
			buildSettings = {
				GCC_PRECOMPILE_PREFIX_HEADER = YES;
				GCC_PREFIX_HEADER = "CoolTool/Supporting Files/CoolTool-Prefix.pch";
				INFOPLIST_FILE = "$(SRCROOT)/CoolTool/Supporting Files/CoolTool-Info.plist";
				IPHONEOS_DEPLOYMENT_TARGET = 6.0;
				PRODUCT_NAME = "$(TARGET_NAME)";
				WRAPPER_EXTENSION = app;
			};
			name = Debug;
		};
		CE7E402D17E9F8420083F861 /* Release */ = {
			isa = XCBuildConfiguration;
			buildSettings = {
				GCC_PRECOMPILE_PREFIX_HEADER = YES;
				GCC_PREFIX_HEADER = "CoolTool/Supporting Files/CoolTool-Prefix.pch";
				INFOPLIST_FILE = "$(SRCROOT)/CoolTool/Supporting Files/CoolTool-Info.plist";
				IPHONEOS_DEPLOYMENT_TARGET = 6.0;
				PRODUCT_NAME = "$(TARGET_NAME)";
				WRAPPER_EXTENSION = app;
			};
			name = Release;
		};
		CE7E402F17E9F8420083F861 /* Debug */ = {
			isa = XCBuildConfiguration;
			buildSettings = {
				BUNDLE_LOADER = "$(BUILT_PRODUCTS_DIR)/CoolTool.app/CoolTool";
				FRAMEWORK_SEARCH_PATHS = (
					"\"$(SDKROOT)/Developer/Library/Frameworks\"",
					"\"$(DEVELOPER_LIBRARY_DIR)/Frameworks\"",
				);
				GCC_PRECOMPILE_PREFIX_HEADER = YES;
				GCC_PREFIX_HEADER = "CoolTool/CoolTool-Prefix.pch";
				INFOPLIST_FILE = "CoolToolTests/CoolToolTests-Info.plist";
				PRODUCT_NAME = "$(TARGET_NAME)";
				TEST_HOST = "$(BUNDLE_LOADER)";
				WRAPPER_EXTENSION = octest;
			};
			name = Debug;
		};
		CE7E403017E9F8420083F861 /* Release */ = {
			isa = XCBuildConfiguration;
			buildSettings = {
				BUNDLE_LOADER = "$(BUILT_PRODUCTS_DIR)/CoolTool.app/CoolTool";
				FRAMEWORK_SEARCH_PATHS = (
					"\"$(SDKROOT)/Developer/Library/Frameworks\"",
					"\"$(DEVELOPER_LIBRARY_DIR)/Frameworks\"",
				);
				GCC_PRECOMPILE_PREFIX_HEADER = YES;
				GCC_PREFIX_HEADER = "CoolTool/CoolTool-Prefix.pch";
				INFOPLIST_FILE = "CoolToolTests/CoolToolTests-Info.plist";
				PRODUCT_NAME = "$(TARGET_NAME)";
				TEST_HOST = "$(BUNDLE_LOADER)";
				WRAPPER_EXTENSION = octest;
			};
			name = Release;
		};
/* End XCBuildConfiguration section */

/* Begin XCConfigurationList section */
		CE7E3FEB17E9F8410083F861 /* Build configuration list for PBXProject "CoolTool" */ = {
			isa = XCConfigurationList;
			buildConfigurations = (
				CE7E402917E9F8420083F861 /* Debug */,
				CE7E402A17E9F8420083F861 /* Release */,
			);
			defaultConfigurationIsVisible = 0;
			defaultConfigurationName = Release;
		};
		CE7E402B17E9F8420083F861 /* Build configuration list for PBXNativeTarget "CoolTool" */ = {
			isa = XCConfigurationList;
			buildConfigurations = (
				CE7E402C17E9F8420083F861 /* Debug */,
				CE7E402D17E9F8420083F861 /* Release */,
			);
			defaultConfigurationIsVisible = 0;
			defaultConfigurationName = Release;
		};
		CE7E402E17E9F8420083F861 /* Build configuration list for PBXNativeTarget "CoolToolTests" */ = {
			isa = XCConfigurationList;
			buildConfigurations = (
				CE7E402F17E9F8420083F861 /* Debug */,
				CE7E403017E9F8420083F861 /* Release */,
			);
			defaultConfigurationIsVisible = 0;
			defaultConfigurationName = Release;
		};
/* End XCConfigurationList section */
	};
	rootObject = CE7E3FE817E9F8410083F861 /* Project object */;
}
