// !$*UTF8*$!
{
	archiveVersion = 1;
	classes = {
	};
	objectVersion = 46;
	objects = {

/* Begin PBXBuildFile section */
		CEFD7DB518241F1C005EC11C /* Foundation.framework in Frameworks */ = {isa = PBXBuildFile; fileRef = CEFD7DB418241F1C005EC11C /* Foundation.framework */; };
		CEFD7DB718241F1C005EC11C /* CoreGraphics.framework in Frameworks */ = {isa = PBXBuildFile; fileRef = CEFD7DB618241F1C005EC11C /* CoreGraphics.framework */; };
		CEFD7DB918241F1C005EC11C /* UIKit.framework in Frameworks */ = {isa = PBXBuildFile; fileRef = CEFD7DB818241F1C005EC11C /* UIKit.framework */; };
		CEFD7DD718241F1C005EC11C /* XCTest.framework in Frameworks */ = {isa = PBXBuildFile; fileRef = CEFD7DD618241F1C005EC11C /* XCTest.framework */; };
		CEFD7DD818241F1C005EC11C /* Foundation.framework in Frameworks */ = {isa = PBXBuildFile; fileRef = CEFD7DB418241F1C005EC11C /* Foundation.framework */; };
		CEFD7DD918241F1C005EC11C /* UIKit.framework in Frameworks */ = {isa = PBXBuildFile; fileRef = CEFD7DB818241F1C005EC11C /* UIKit.framework */; };
		CEFD7DE118241F1C005EC11C /* InfoPlist.strings in Resources */ = {isa = PBXBuildFile; fileRef = CEFD7DDF18241F1C005EC11C /* InfoPlist.strings */; };
		CEFD7DE318241F1C005EC11C /* ExampleCoolToolTests.m in Sources */ = {isa = PBXBuildFile; fileRef = CEFD7DE218241F1C005EC11C /* ExampleCoolToolTests.m */; };
		CEFD7DFD18241FDE005EC11C /* SUViewController.m in Sources */ = {isa = PBXBuildFile; fileRef = CEFD7DEF18241FDE005EC11C /* SUViewController.m */; };
		CEFD7DFE18241FDE005EC11C /* Main_iPad.storyboard in Resources */ = {isa = PBXBuildFile; fileRef = CEFD7DF118241FDE005EC11C /* Main_iPad.storyboard */; };
		CEFD7DFF18241FDE005EC11C /* Main_iPhone.storyboard in Resources */ = {isa = PBXBuildFile; fileRef = CEFD7DF318241FDE005EC11C /* Main_iPhone.storyboard */; };
		CEFD7E0018241FDE005EC11C /* InfoPlist.strings in Resources */ = {isa = PBXBuildFile; fileRef = CEFD7DF518241FDE005EC11C /* InfoPlist.strings */; };
		CEFD7E0218241FDE005EC11C /* Images.xcassets in Resources */ = {isa = PBXBuildFile; fileRef = CEFD7DF918241FDE005EC11C /* Images.xcassets */; };
		CEFD7E0318241FDE005EC11C /* main.m in Sources */ = {isa = PBXBuildFile; fileRef = CEFD7DFA18241FDE005EC11C /* main.m */; };
		CEFD7E0418241FDE005EC11C /* SUAppDelegate.m in Sources */ = {isa = PBXBuildFile; fileRef = CEFD7DFC18241FDE005EC11C /* SUAppDelegate.m */; };
		CEFD7E48182420D4005EC11C /* SUErrorMarkingViewController.m in Sources */ = {isa = PBXBuildFile; fileRef = CEFD7E09182420D4005EC11C /* SUErrorMarkingViewController.m */; };
		CEFD7E49182420D4005EC11C /* SUShareController.m in Sources */ = {isa = PBXBuildFile; fileRef = CEFD7E0B182420D4005EC11C /* SUShareController.m */; };
		CEFD7E4A182420D4005EC11C /* SUColorView.m in Sources */ = {isa = PBXBuildFile; fileRef = CEFD7E0E182420D4005EC11C /* SUColorView.m */; };
		CEFD7E4B182420D4005EC11C /* SUErrorMarkingToolbar.m in Sources */ = {isa = PBXBuildFile; fileRef = CEFD7E10182420D4005EC11C /* SUErrorMarkingToolbar.m */; };
		CEFD7E4C182420D4005EC11C /* SUErrorMarkingView.m in Sources */ = {isa = PBXBuildFile; fileRef = CEFD7E12182420D4005EC11C /* SUErrorMarkingView.m */; };
		CEFD7E4D182420D4005EC11C /* SUMarkColorView.m in Sources */ = {isa = PBXBuildFile; fileRef = CEFD7E14182420D4005EC11C /* SUMarkColorView.m */; };
		CEFD7E4E182420D4005EC11C /* SUMarkView.m in Sources */ = {isa = PBXBuildFile; fileRef = CEFD7E16182420D4005EC11C /* SUMarkView.m */; };
		CEFD7E4F182420D4005EC11C /* SUMarkViewToolbar.m in Sources */ = {isa = PBXBuildFile; fileRef = CEFD7E18182420D4005EC11C /* SUMarkViewToolbar.m */; };
		CEFD7E50182420D4005EC11C /* SUTextMarkView.m in Sources */ = {isa = PBXBuildFile; fileRef = CEFD7E1A182420D4005EC11C /* SUTextMarkView.m */; };
		CEFD7E51182420D4005EC11C /* SUGridViewController.m in Sources */ = {isa = PBXBuildFile; fileRef = CEFD7E1D182420D4005EC11C /* SUGridViewController.m */; };
		CEFD7E52182420D4005EC11C /* SUCompositeButton.m in Sources */ = {isa = PBXBuildFile; fileRef = CEFD7E20182420D4005EC11C /* SUCompositeButton.m */; };
		CEFD7E53182420D4005EC11C /* SUGridRootView.m in Sources */ = {isa = PBXBuildFile; fileRef = CEFD7E22182420D4005EC11C /* SUGridRootView.m */; };
		CEFD7E54182420D4005EC11C /* SUGridRulerView.m in Sources */ = {isa = PBXBuildFile; fileRef = CEFD7E24182420D4005EC11C /* SUGridRulerView.m */; };
		CEFD7E55182420D4005EC11C /* SUGridToolbar.m in Sources */ = {isa = PBXBuildFile; fileRef = CEFD7E26182420D4005EC11C /* SUGridToolbar.m */; };
		CEFD7E56182420D4005EC11C /* SUGridUnderLayerView.m in Sources */ = {isa = PBXBuildFile; fileRef = CEFD7E28182420D4005EC11C /* SUGridUnderLayerView.m */; };
		CEFD7E57182420D4005EC11C /* SUGridView.m in Sources */ = {isa = PBXBuildFile; fileRef = CEFD7E2A182420D4005EC11C /* SUGridView.m */; };
		CEFD7E58182420D4005EC11C /* SUToolbarView.m in Sources */ = {isa = PBXBuildFile; fileRef = CEFD7E2C182420D4005EC11C /* SUToolbarView.m */; };
		CEFD7E59182420D4005EC11C /* addIcon.png in Resources */ = {isa = PBXBuildFile; fileRef = CEFD7E2E182420D4005EC11C /* addIcon.png */; };
		CEFD7E5A182420D4005EC11C /* backIcon.png in Resources */ = {isa = PBXBuildFile; fileRef = CEFD7E2F182420D4005EC11C /* backIcon.png */; };
		CEFD7E5B182420D4005EC11C /* closeIcon.jpeg in Resources */ = {isa = PBXBuildFile; fileRef = CEFD7E30182420D4005EC11C /* closeIcon.jpeg */; };
		CEFD7E5C182420D4005EC11C /* colorIcon.jpg in Resources */ = {isa = PBXBuildFile; fileRef = CEFD7E31182420D4005EC11C /* colorIcon.jpg */; };
		CEFD7E5D182420D4005EC11C /* cornerIcon.png in Resources */ = {isa = PBXBuildFile; fileRef = CEFD7E32182420D4005EC11C /* cornerIcon.png */; };
		CEFD7E5E182420D4005EC11C /* editIcon.png in Resources */ = {isa = PBXBuildFile; fileRef = CEFD7E33182420D4005EC11C /* editIcon.png */; };
		CEFD7E5F182420D4005EC11C /* CoolTool.strings in Resources */ = {isa = PBXBuildFile; fileRef = CEFD7E34182420D4005EC11C /* CoolTool.strings */; };
		CEFD7E60182420D4005EC11C /* gallery.png in Resources */ = {isa = PBXBuildFile; fileRef = CEFD7E36182420D4005EC11C /* gallery.png */; };
		CEFD7E61182420D4005EC11C /* off.jpg in Resources */ = {isa = PBXBuildFile; fileRef = CEFD7E37182420D4005EC11C /* off.jpg */; };
		CEFD7E62182420D4005EC11C /* ON.jpg in Resources */ = {isa = PBXBuildFile; fileRef = CEFD7E38182420D4005EC11C /* ON.jpg */; };
		CEFD7E63182420D4005EC11C /* photoShutter.mp3 in Resources */ = {isa = PBXBuildFile; fileRef = CEFD7E39182420D4005EC11C /* photoShutter.mp3 */; };
		CEFD7E64182420D4005EC11C /* share.png in Resources */ = {isa = PBXBuildFile; fileRef = CEFD7E3A182420D4005EC11C /* share.png */; };
		CEFD7E65182420D4005EC11C /* sliderIcon.png in Resources */ = {isa = PBXBuildFile; fileRef = CEFD7E3B182420D4005EC11C /* sliderIcon.png */; };
		CEFD7E66182420D4005EC11C /* SUCoolTool.m in Sources */ = {isa = PBXBuildFile; fileRef = CEFD7E3D182420D4005EC11C /* SUCoolTool.m */; };
		CEFD7E67182420D4005EC11C /* SUZGestureRecognizer.m in Sources */ = {isa = PBXBuildFile; fileRef = CEFD7E3F182420D4005EC11C /* SUZGestureRecognizer.m */; };
		CEFD7E68182420D4005EC11C /* SUZGestureView.m in Sources */ = {isa = PBXBuildFile; fileRef = CEFD7E41182420D4005EC11C /* SUZGestureView.m */; };
		CEFD7E69182420D4005EC11C /* SUDrawUtil.m in Sources */ = {isa = PBXBuildFile; fileRef = CEFD7E45182420D4005EC11C /* SUDrawUtil.m */; };
		CEFD7E6A182420D4005EC11C /* SUScreenshotUtil.m in Sources */ = {isa = PBXBuildFile; fileRef = CEFD7E47182420D4005EC11C /* SUScreenshotUtil.m */; };
/* End PBXBuildFile section */

/* Begin PBXContainerItemProxy section */
		CEFD7DDA18241F1C005EC11C /* PBXContainerItemProxy */ = {
			isa = PBXContainerItemProxy;
			containerPortal = CEFD7DA918241F1C005EC11C /* Project object */;
			proxyType = 1;
			remoteGlobalIDString = CEFD7DB018241F1C005EC11C;
			remoteInfo = ExampleCoolTool;
		};
/* End PBXContainerItemProxy section */

/* Begin PBXFileReference section */
		CEFD7DB118241F1C005EC11C /* ExampleCoolTool.app */ = {isa = PBXFileReference; explicitFileType = wrapper.application; includeInIndex = 0; path = ExampleCoolTool.app; sourceTree = BUILT_PRODUCTS_DIR; };
		CEFD7DB418241F1C005EC11C /* Foundation.framework */ = {isa = PBXFileReference; lastKnownFileType = wrapper.framework; name = Foundation.framework; path = System/Library/Frameworks/Foundation.framework; sourceTree = SDKROOT; };
		CEFD7DB618241F1C005EC11C /* CoreGraphics.framework */ = {isa = PBXFileReference; lastKnownFileType = wrapper.framework; name = CoreGraphics.framework; path = System/Library/Frameworks/CoreGraphics.framework; sourceTree = SDKROOT; };
		CEFD7DB818241F1C005EC11C /* UIKit.framework */ = {isa = PBXFileReference; lastKnownFileType = wrapper.framework; name = UIKit.framework; path = System/Library/Frameworks/UIKit.framework; sourceTree = SDKROOT; };
		CEFD7DD518241F1C005EC11C /* ExampleCoolToolTests.xctest */ = {isa = PBXFileReference; explicitFileType = wrapper.cfbundle; includeInIndex = 0; path = ExampleCoolToolTests.xctest; sourceTree = BUILT_PRODUCTS_DIR; };
		CEFD7DD618241F1C005EC11C /* XCTest.framework */ = {isa = PBXFileReference; lastKnownFileType = wrapper.framework; name = XCTest.framework; path = Library/Frameworks/XCTest.framework; sourceTree = DEVELOPER_DIR; };
		CEFD7DDE18241F1C005EC11C /* ExampleCoolToolTests-Info.plist */ = {isa = PBXFileReference; lastKnownFileType = text.plist.xml; path = "ExampleCoolToolTests-Info.plist"; sourceTree = "<group>"; };
		CEFD7DE018241F1C005EC11C /* en */ = {isa = PBXFileReference; lastKnownFileType = text.plist.strings; name = en; path = en.lproj/InfoPlist.strings; sourceTree = "<group>"; };
		CEFD7DE218241F1C005EC11C /* ExampleCoolToolTests.m */ = {isa = PBXFileReference; lastKnownFileType = sourcecode.c.objc; path = ExampleCoolToolTests.m; sourceTree = "<group>"; };
		CEFD7DEE18241FDE005EC11C /* SUViewController.h */ = {isa = PBXFileReference; fileEncoding = 4; lastKnownFileType = sourcecode.c.h; path = SUViewController.h; sourceTree = "<group>"; };
		CEFD7DEF18241FDE005EC11C /* SUViewController.m */ = {isa = PBXFileReference; fileEncoding = 4; lastKnownFileType = sourcecode.c.objc; path = SUViewController.m; sourceTree = "<group>"; };
		CEFD7DF218241FDE005EC11C /* Base */ = {isa = PBXFileReference; lastKnownFileType = file.storyboard; name = Base; path = Base.lproj/Main_iPad.storyboard; sourceTree = "<group>"; };
		CEFD7DF418241FDE005EC11C /* Base */ = {isa = PBXFileReference; lastKnownFileType = file.storyboard; name = Base; path = Base.lproj/Main_iPhone.storyboard; sourceTree = "<group>"; };
		CEFD7DF618241FDE005EC11C /* en */ = {isa = PBXFileReference; lastKnownFileType = text.plist.strings; name = en; path = en.lproj/InfoPlist.strings; sourceTree = "<group>"; };
		CEFD7DF718241FDE005EC11C /* ExampleCoolTool-Info.plist */ = {isa = PBXFileReference; fileEncoding = 4; lastKnownFileType = text.plist.xml; path = "ExampleCoolTool-Info.plist"; sourceTree = "<group>"; };
		CEFD7DF818241FDE005EC11C /* ExampleCoolTool-Prefix.pch */ = {isa = PBXFileReference; fileEncoding = 4; lastKnownFileType = sourcecode.c.h; path = "ExampleCoolTool-Prefix.pch"; sourceTree = "<group>"; };
		CEFD7DF918241FDE005EC11C /* Images.xcassets */ = {isa = PBXFileReference; lastKnownFileType = folder.assetcatalog; path = Images.xcassets; sourceTree = "<group>"; };
		CEFD7DFA18241FDE005EC11C /* main.m */ = {isa = PBXFileReference; fileEncoding = 4; lastKnownFileType = sourcecode.c.objc; path = main.m; sourceTree = "<group>"; };
		CEFD7DFB18241FDE005EC11C /* SUAppDelegate.h */ = {isa = PBXFileReference; fileEncoding = 4; lastKnownFileType = sourcecode.c.h; path = SUAppDelegate.h; sourceTree = "<group>"; };
		CEFD7DFC18241FDE005EC11C /* SUAppDelegate.m */ = {isa = PBXFileReference; fileEncoding = 4; lastKnownFileType = sourcecode.c.objc; path = SUAppDelegate.m; sourceTree = "<group>"; };
		CEFD7E08182420D4005EC11C /* SUErrorMarkingViewController.h */ = {isa = PBXFileReference; fileEncoding = 4; lastKnownFileType = sourcecode.c.h; path = SUErrorMarkingViewController.h; sourceTree = "<group>"; };
		CEFD7E09182420D4005EC11C /* SUErrorMarkingViewController.m */ = {isa = PBXFileReference; fileEncoding = 4; lastKnownFileType = sourcecode.c.objc; path = SUErrorMarkingViewController.m; sourceTree = "<group>"; };
		CEFD7E0A182420D4005EC11C /* SUShareController.h */ = {isa = PBXFileReference; fileEncoding = 4; lastKnownFileType = sourcecode.c.h; path = SUShareController.h; sourceTree = "<group>"; };
		CEFD7E0B182420D4005EC11C /* SUShareController.m */ = {isa = PBXFileReference; fileEncoding = 4; lastKnownFileType = sourcecode.c.objc; path = SUShareController.m; sourceTree = "<group>"; };
		CEFD7E0D182420D4005EC11C /* SUColorView.h */ = {isa = PBXFileReference; fileEncoding = 4; lastKnownFileType = sourcecode.c.h; path = SUColorView.h; sourceTree = "<group>"; };
		CEFD7E0E182420D4005EC11C /* SUColorView.m */ = {isa = PBXFileReference; fileEncoding = 4; lastKnownFileType = sourcecode.c.objc; path = SUColorView.m; sourceTree = "<group>"; };
		CEFD7E0F182420D4005EC11C /* SUErrorMarkingToolbar.h */ = {isa = PBXFileReference; fileEncoding = 4; lastKnownFileType = sourcecode.c.h; path = SUErrorMarkingToolbar.h; sourceTree = "<group>"; };
		CEFD7E10182420D4005EC11C /* SUErrorMarkingToolbar.m */ = {isa = PBXFileReference; fileEncoding = 4; lastKnownFileType = sourcecode.c.objc; path = SUErrorMarkingToolbar.m; sourceTree = "<group>"; };
		CEFD7E11182420D4005EC11C /* SUErrorMarkingView.h */ = {isa = PBXFileReference; fileEncoding = 4; lastKnownFileType = sourcecode.c.h; path = SUErrorMarkingView.h; sourceTree = "<group>"; };
		CEFD7E12182420D4005EC11C /* SUErrorMarkingView.m */ = {isa = PBXFileReference; fileEncoding = 4; lastKnownFileType = sourcecode.c.objc; path = SUErrorMarkingView.m; sourceTree = "<group>"; };
		CEFD7E13182420D4005EC11C /* SUMarkColorView.h */ = {isa = PBXFileReference; fileEncoding = 4; lastKnownFileType = sourcecode.c.h; path = SUMarkColorView.h; sourceTree = "<group>"; };
		CEFD7E14182420D4005EC11C /* SUMarkColorView.m */ = {isa = PBXFileReference; fileEncoding = 4; lastKnownFileType = sourcecode.c.objc; path = SUMarkColorView.m; sourceTree = "<group>"; };
		CEFD7E15182420D4005EC11C /* SUMarkView.h */ = {isa = PBXFileReference; fileEncoding = 4; lastKnownFileType = sourcecode.c.h; path = SUMarkView.h; sourceTree = "<group>"; };
		CEFD7E16182420D4005EC11C /* SUMarkView.m */ = {isa = PBXFileReference; fileEncoding = 4; lastKnownFileType = sourcecode.c.objc; path = SUMarkView.m; sourceTree = "<group>"; };
		CEFD7E17182420D4005EC11C /* SUMarkViewToolbar.h */ = {isa = PBXFileReference; fileEncoding = 4; lastKnownFileType = sourcecode.c.h; path = SUMarkViewToolbar.h; sourceTree = "<group>"; };
		CEFD7E18182420D4005EC11C /* SUMarkViewToolbar.m */ = {isa = PBXFileReference; fileEncoding = 4; lastKnownFileType = sourcecode.c.objc; path = SUMarkViewToolbar.m; sourceTree = "<group>"; };
		CEFD7E19182420D4005EC11C /* SUTextMarkView.h */ = {isa = PBXFileReference; fileEncoding = 4; lastKnownFileType = sourcecode.c.h; path = SUTextMarkView.h; sourceTree = "<group>"; };
		CEFD7E1A182420D4005EC11C /* SUTextMarkView.m */ = {isa = PBXFileReference; fileEncoding = 4; lastKnownFileType = sourcecode.c.objc; path = SUTextMarkView.m; sourceTree = "<group>"; };
		CEFD7E1C182420D4005EC11C /* SUGridViewController.h */ = {isa = PBXFileReference; fileEncoding = 4; lastKnownFileType = sourcecode.c.h; path = SUGridViewController.h; sourceTree = "<group>"; };
		CEFD7E1D182420D4005EC11C /* SUGridViewController.m */ = {isa = PBXFileReference; fileEncoding = 4; lastKnownFileType = sourcecode.c.objc; path = SUGridViewController.m; sourceTree = "<group>"; };
		CEFD7E1F182420D4005EC11C /* SUCompositeButton.h */ = {isa = PBXFileReference; fileEncoding = 4; lastKnownFileType = sourcecode.c.h; path = SUCompositeButton.h; sourceTree = "<group>"; };
		CEFD7E20182420D4005EC11C /* SUCompositeButton.m */ = {isa = PBXFileReference; fileEncoding = 4; lastKnownFileType = sourcecode.c.objc; path = SUCompositeButton.m; sourceTree = "<group>"; };
		CEFD7E21182420D4005EC11C /* SUGridRootView.h */ = {isa = PBXFileReference; fileEncoding = 4; lastKnownFileType = sourcecode.c.h; path = SUGridRootView.h; sourceTree = "<group>"; };
		CEFD7E22182420D4005EC11C /* SUGridRootView.m */ = {isa = PBXFileReference; fileEncoding = 4; lastKnownFileType = sourcecode.c.objc; path = SUGridRootView.m; sourceTree = "<group>"; };
		CEFD7E23182420D4005EC11C /* SUGridRulerView.h */ = {isa = PBXFileReference; fileEncoding = 4; lastKnownFileType = sourcecode.c.h; path = SUGridRulerView.h; sourceTree = "<group>"; };
		CEFD7E24182420D4005EC11C /* SUGridRulerView.m */ = {isa = PBXFileReference; fileEncoding = 4; lastKnownFileType = sourcecode.c.objc; path = SUGridRulerView.m; sourceTree = "<group>"; };
		CEFD7E25182420D4005EC11C /* SUGridToolbar.h */ = {isa = PBXFileReference; fileEncoding = 4; lastKnownFileType = sourcecode.c.h; path = SUGridToolbar.h; sourceTree = "<group>"; };
		CEFD7E26182420D4005EC11C /* SUGridToolbar.m */ = {isa = PBXFileReference; fileEncoding = 4; lastKnownFileType = sourcecode.c.objc; path = SUGridToolbar.m; sourceTree = "<group>"; };
		CEFD7E27182420D4005EC11C /* SUGridUnderLayerView.h */ = {isa = PBXFileReference; fileEncoding = 4; lastKnownFileType = sourcecode.c.h; path = SUGridUnderLayerView.h; sourceTree = "<group>"; };
		CEFD7E28182420D4005EC11C /* SUGridUnderLayerView.m */ = {isa = PBXFileReference; fileEncoding = 4; lastKnownFileType = sourcecode.c.objc; path = SUGridUnderLayerView.m; sourceTree = "<group>"; };
		CEFD7E29182420D4005EC11C /* SUGridView.h */ = {isa = PBXFileReference; fileEncoding = 4; lastKnownFileType = sourcecode.c.h; path = SUGridView.h; sourceTree = "<group>"; };
		CEFD7E2A182420D4005EC11C /* SUGridView.m */ = {isa = PBXFileReference; fileEncoding = 4; lastKnownFileType = sourcecode.c.objc; path = SUGridView.m; sourceTree = "<group>"; };
		CEFD7E2B182420D4005EC11C /* SUToolbarView.h */ = {isa = PBXFileReference; fileEncoding = 4; lastKnownFileType = sourcecode.c.h; path = SUToolbarView.h; sourceTree = "<group>"; };
		CEFD7E2C182420D4005EC11C /* SUToolbarView.m */ = {isa = PBXFileReference; fileEncoding = 4; lastKnownFileType = sourcecode.c.objc; path = SUToolbarView.m; sourceTree = "<group>"; };
		CEFD7E2E182420D4005EC11C /* addIcon.png */ = {isa = PBXFileReference; lastKnownFileType = image.png; path = addIcon.png; sourceTree = "<group>"; };
		CEFD7E2F182420D4005EC11C /* backIcon.png */ = {isa = PBXFileReference; lastKnownFileType = image.png; path = backIcon.png; sourceTree = "<group>"; };
		CEFD7E30182420D4005EC11C /* closeIcon.jpeg */ = {isa = PBXFileReference; lastKnownFileType = image.jpeg; path = closeIcon.jpeg; sourceTree = "<group>"; };
		CEFD7E31182420D4005EC11C /* colorIcon.jpg */ = {isa = PBXFileReference; lastKnownFileType = image.jpeg; path = colorIcon.jpg; sourceTree = "<group>"; };
		CEFD7E32182420D4005EC11C /* cornerIcon.png */ = {isa = PBXFileReference; lastKnownFileType = image.png; path = cornerIcon.png; sourceTree = "<group>"; };
		CEFD7E33182420D4005EC11C /* editIcon.png */ = {isa = PBXFileReference; lastKnownFileType = image.png; path = editIcon.png; sourceTree = "<group>"; };
		CEFD7E35182420D4005EC11C /* en */ = {isa = PBXFileReference; lastKnownFileType = text.plist.strings; name = en; path = en.lproj/CoolTool.strings; sourceTree = "<group>"; };
		CEFD7E36182420D4005EC11C /* gallery.png */ = {isa = PBXFileReference; lastKnownFileType = image.png; path = gallery.png; sourceTree = "<group>"; };
		CEFD7E37182420D4005EC11C /* off.jpg */ = {isa = PBXFileReference; lastKnownFileType = image.jpeg; path = off.jpg; sourceTree = "<group>"; };
		CEFD7E38182420D4005EC11C /* ON.jpg */ = {isa = PBXFileReference; lastKnownFileType = image.jpeg; path = ON.jpg; sourceTree = "<group>"; };
		CEFD7E39182420D4005EC11C /* photoShutter.mp3 */ = {isa = PBXFileReference; lastKnownFileType = audio.mp3; path = photoShutter.mp3; sourceTree = "<group>"; };
		CEFD7E3A182420D4005EC11C /* share.png */ = {isa = PBXFileReference; lastKnownFileType = image.png; path = share.png; sourceTree = "<group>"; };
		CEFD7E3B182420D4005EC11C /* sliderIcon.png */ = {isa = PBXFileReference; lastKnownFileType = image.png; path = sliderIcon.png; sourceTree = "<group>"; };
		CEFD7E3C182420D4005EC11C /* SUCoolTool.h */ = {isa = PBXFileReference; fileEncoding = 4; lastKnownFileType = sourcecode.c.h; path = SUCoolTool.h; sourceTree = "<group>"; };
		CEFD7E3D182420D4005EC11C /* SUCoolTool.m */ = {isa = PBXFileReference; fileEncoding = 4; lastKnownFileType = sourcecode.c.objc; path = SUCoolTool.m; sourceTree = "<group>"; };
		CEFD7E3E182420D4005EC11C /* SUZGestureRecognizer.h */ = {isa = PBXFileReference; fileEncoding = 4; lastKnownFileType = sourcecode.c.h; path = SUZGestureRecognizer.h; sourceTree = "<group>"; };
		CEFD7E3F182420D4005EC11C /* SUZGestureRecognizer.m */ = {isa = PBXFileReference; fileEncoding = 4; lastKnownFileType = sourcecode.c.objc; path = SUZGestureRecognizer.m; sourceTree = "<group>"; };
		CEFD7E40182420D4005EC11C /* SUZGestureView.h */ = {isa = PBXFileReference; fileEncoding = 4; lastKnownFileType = sourcecode.c.h; path = SUZGestureView.h; sourceTree = "<group>"; };
		CEFD7E41182420D4005EC11C /* SUZGestureView.m */ = {isa = PBXFileReference; fileEncoding = 4; lastKnownFileType = sourcecode.c.objc; path = SUZGestureView.m; sourceTree = "<group>"; };
		CEFD7E43182420D4005EC11C /* SUConstants.h */ = {isa = PBXFileReference; fileEncoding = 4; lastKnownFileType = sourcecode.c.h; path = SUConstants.h; sourceTree = "<group>"; };
		CEFD7E44182420D4005EC11C /* SUDrawUtil.h */ = {isa = PBXFileReference; fileEncoding = 4; lastKnownFileType = sourcecode.c.h; path = SUDrawUtil.h; sourceTree = "<group>"; };
		CEFD7E45182420D4005EC11C /* SUDrawUtil.m */ = {isa = PBXFileReference; fileEncoding = 4; lastKnownFileType = sourcecode.c.objc; path = SUDrawUtil.m; sourceTree = "<group>"; };
		CEFD7E46182420D4005EC11C /* SUScreenshotUtil.h */ = {isa = PBXFileReference; fileEncoding = 4; lastKnownFileType = sourcecode.c.h; path = SUScreenshotUtil.h; sourceTree = "<group>"; };
		CEFD7E47182420D4005EC11C /* SUScreenshotUtil.m */ = {isa = PBXFileReference; fileEncoding = 4; lastKnownFileType = sourcecode.c.objc; path = SUScreenshotUtil.m; sourceTree = "<group>"; };
/* End PBXFileReference section */

/* Begin PBXFrameworksBuildPhase section */
		CEFD7DAE18241F1C005EC11C /* Frameworks */ = {
			isa = PBXFrameworksBuildPhase;
			buildActionMask = 2147483647;
			files = (
				CEFD7DB718241F1C005EC11C /* CoreGraphics.framework in Frameworks */,
				CEFD7DB918241F1C005EC11C /* UIKit.framework in Frameworks */,
				CEFD7DB518241F1C005EC11C /* Foundation.framework in Frameworks */,
			);
			runOnlyForDeploymentPostprocessing = 0;
		};
		CEFD7DD218241F1C005EC11C /* Frameworks */ = {
			isa = PBXFrameworksBuildPhase;
			buildActionMask = 2147483647;
			files = (
				CEFD7DD718241F1C005EC11C /* XCTest.framework in Frameworks */,
				CEFD7DD918241F1C005EC11C /* UIKit.framework in Frameworks */,
				CEFD7DD818241F1C005EC11C /* Foundation.framework in Frameworks */,
			);
			runOnlyForDeploymentPostprocessing = 0;
		};
/* End PBXFrameworksBuildPhase section */

/* Begin PBXGroup section */
		CEFD7DA818241F1C005EC11C = {
			isa = PBXGroup;
			children = (
				CEFD7DBA18241F1C005EC11C /* ExampleCoolTool */,
				CEFD7DDC18241F1C005EC11C /* ExampleCoolToolTests */,
				CEFD7DB318241F1C005EC11C /* Frameworks */,
				CEFD7DB218241F1C005EC11C /* Products */,
			);
			sourceTree = "<group>";
		};
		CEFD7DB218241F1C005EC11C /* Products */ = {
			isa = PBXGroup;
			children = (
				CEFD7DB118241F1C005EC11C /* ExampleCoolTool.app */,
				CEFD7DD518241F1C005EC11C /* ExampleCoolToolTests.xctest */,
			);
			name = Products;
			sourceTree = "<group>";
		};
		CEFD7DB318241F1C005EC11C /* Frameworks */ = {
			isa = PBXGroup;
			children = (
				CEFD7DB418241F1C005EC11C /* Foundation.framework */,
				CEFD7DB618241F1C005EC11C /* CoreGraphics.framework */,
				CEFD7DB818241F1C005EC11C /* UIKit.framework */,
				CEFD7DD618241F1C005EC11C /* XCTest.framework */,
			);
			name = Frameworks;
			sourceTree = "<group>";
		};
		CEFD7DBA18241F1C005EC11C /* ExampleCoolTool */ = {
			isa = PBXGroup;
			children = (
				CEFD7DEC18241FDE005EC11C /* Sources */,
				CEFD7DF018241FDE005EC11C /* Supporting Files */,
			);
			path = ExampleCoolTool;
			sourceTree = "<group>";
		};
		CEFD7DDC18241F1C005EC11C /* ExampleCoolToolTests */ = {
			isa = PBXGroup;
			children = (
				CEFD7DE218241F1C005EC11C /* ExampleCoolToolTests.m */,
				CEFD7DDD18241F1C005EC11C /* Supporting Files */,
			);
			path = ExampleCoolToolTests;
			sourceTree = "<group>";
		};
		CEFD7DDD18241F1C005EC11C /* Supporting Files */ = {
			isa = PBXGroup;
			children = (
				CEFD7DDE18241F1C005EC11C /* ExampleCoolToolTests-Info.plist */,
				CEFD7DDF18241F1C005EC11C /* InfoPlist.strings */,
			);
			name = "Supporting Files";
			sourceTree = "<group>";
		};
		CEFD7DEC18241FDE005EC11C /* Sources */ = {
			isa = PBXGroup;
			children = (
				CEFD7E05182420C8005EC11C /* Third Party */,
				CEFD7DED18241FDE005EC11C /* View Controllers */,
			);
			path = Sources;
			sourceTree = "<group>";
		};
		CEFD7DED18241FDE005EC11C /* View Controllers */ = {
			isa = PBXGroup;
			children = (
				CEFD7DEE18241FDE005EC11C /* SUViewController.h */,
				CEFD7DEF18241FDE005EC11C /* SUViewController.m */,
			);
			path = "View Controllers";
			sourceTree = "<group>";
		};
		CEFD7DF018241FDE005EC11C /* Supporting Files */ = {
			isa = PBXGroup;
			children = (
				CEFD7DF118241FDE005EC11C /* Main_iPad.storyboard */,
				CEFD7DF318241FDE005EC11C /* Main_iPhone.storyboard */,
				CEFD7DF518241FDE005EC11C /* InfoPlist.strings */,
				CEFD7DF718241FDE005EC11C /* ExampleCoolTool-Info.plist */,
				CEFD7DF818241FDE005EC11C /* ExampleCoolTool-Prefix.pch */,
				CEFD7DF918241FDE005EC11C /* Images.xcassets */,
				CEFD7DFA18241FDE005EC11C /* main.m */,
				CEFD7DFB18241FDE005EC11C /* SUAppDelegate.h */,
				CEFD7DFC18241FDE005EC11C /* SUAppDelegate.m */,
			);
			path = "Supporting Files";
			sourceTree = "<group>";
		};
		CEFD7E05182420C8005EC11C /* Third Party */ = {
			isa = PBXGroup;
			children = (
				CEFD7E06182420D4005EC11C /* CoolTool */,
			);
			path = "Third Party";
			sourceTree = "<group>";
		};
		CEFD7E06182420D4005EC11C /* CoolTool */ = {
			isa = PBXGroup;
			children = (
				CEFD7E07182420D4005EC11C /* ErrorMarkingViewController */,
				CEFD7E1B182420D4005EC11C /* GridViewController */,
				CEFD7E2D182420D4005EC11C /* Resources */,
				CEFD7E3C182420D4005EC11C /* SUCoolTool.h */,
				CEFD7E3D182420D4005EC11C /* SUCoolTool.m */,
				CEFD7E3E182420D4005EC11C /* SUZGestureRecognizer.h */,
				CEFD7E3F182420D4005EC11C /* SUZGestureRecognizer.m */,
				CEFD7E40182420D4005EC11C /* SUZGestureView.h */,
				CEFD7E41182420D4005EC11C /* SUZGestureView.m */,
				CEFD7E42182420D4005EC11C /* Utils */,
			);
			name = CoolTool;
			path = ../../../../CoolTool;
			sourceTree = "<group>";
		};
		CEFD7E07182420D4005EC11C /* ErrorMarkingViewController */ = {
			isa = PBXGroup;
			children = (
				CEFD7E08182420D4005EC11C /* SUErrorMarkingViewController.h */,
				CEFD7E09182420D4005EC11C /* SUErrorMarkingViewController.m */,
				CEFD7E0A182420D4005EC11C /* SUShareController.h */,
				CEFD7E0B182420D4005EC11C /* SUShareController.m */,
				CEFD7E0C182420D4005EC11C /* Views */,
			);
			path = ErrorMarkingViewController;
			sourceTree = "<group>";
		};
		CEFD7E0C182420D4005EC11C /* Views */ = {
			isa = PBXGroup;
			children = (
				CEFD7E0D182420D4005EC11C /* SUColorView.h */,
				CEFD7E0E182420D4005EC11C /* SUColorView.m */,
				CEFD7E0F182420D4005EC11C /* SUErrorMarkingToolbar.h */,
				CEFD7E10182420D4005EC11C /* SUErrorMarkingToolbar.m */,
				CEFD7E11182420D4005EC11C /* SUErrorMarkingView.h */,
				CEFD7E12182420D4005EC11C /* SUErrorMarkingView.m */,
				CEFD7E13182420D4005EC11C /* SUMarkColorView.h */,
				CEFD7E14182420D4005EC11C /* SUMarkColorView.m */,
				CEFD7E15182420D4005EC11C /* SUMarkView.h */,
				CEFD7E16182420D4005EC11C /* SUMarkView.m */,
				CEFD7E17182420D4005EC11C /* SUMarkViewToolbar.h */,
				CEFD7E18182420D4005EC11C /* SUMarkViewToolbar.m */,
				CEFD7E19182420D4005EC11C /* SUTextMarkView.h */,
				CEFD7E1A182420D4005EC11C /* SUTextMarkView.m */,
			);
			path = Views;
			sourceTree = "<group>";
		};
		CEFD7E1B182420D4005EC11C /* GridViewController */ = {
			isa = PBXGroup;
			children = (
				CEFD7E1C182420D4005EC11C /* SUGridViewController.h */,
				CEFD7E1D182420D4005EC11C /* SUGridViewController.m */,
				CEFD7E1E182420D4005EC11C /* Views */,
			);
			path = GridViewController;
			sourceTree = "<group>";
		};
		CEFD7E1E182420D4005EC11C /* Views */ = {
			isa = PBXGroup;
			children = (
				CEFD7E1F182420D4005EC11C /* SUCompositeButton.h */,
				CEFD7E20182420D4005EC11C /* SUCompositeButton.m */,
				CEFD7E21182420D4005EC11C /* SUGridRootView.h */,
				CEFD7E22182420D4005EC11C /* SUGridRootView.m */,
				CEFD7E23182420D4005EC11C /* SUGridRulerView.h */,
				CEFD7E24182420D4005EC11C /* SUGridRulerView.m */,
				CEFD7E25182420D4005EC11C /* SUGridToolbar.h */,
				CEFD7E26182420D4005EC11C /* SUGridToolbar.m */,
				CEFD7E27182420D4005EC11C /* SUGridUnderLayerView.h */,
				CEFD7E28182420D4005EC11C /* SUGridUnderLayerView.m */,
				CEFD7E29182420D4005EC11C /* SUGridView.h */,
				CEFD7E2A182420D4005EC11C /* SUGridView.m */,
				CEFD7E2B182420D4005EC11C /* SUToolbarView.h */,
				CEFD7E2C182420D4005EC11C /* SUToolbarView.m */,
			);
			path = Views;
			sourceTree = "<group>";
		};
		CEFD7E2D182420D4005EC11C /* Resources */ = {
			isa = PBXGroup;
			children = (
				CEFD7E2E182420D4005EC11C /* addIcon.png */,
				CEFD7E2F182420D4005EC11C /* backIcon.png */,
				CEFD7E30182420D4005EC11C /* closeIcon.jpeg */,
				CEFD7E31182420D4005EC11C /* colorIcon.jpg */,
				CEFD7E32182420D4005EC11C /* cornerIcon.png */,
				CEFD7E33182420D4005EC11C /* editIcon.png */,
				CEFD7E34182420D4005EC11C /* CoolTool.strings */,
				CEFD7E36182420D4005EC11C /* gallery.png */,
				CEFD7E37182420D4005EC11C /* off.jpg */,
				CEFD7E38182420D4005EC11C /* ON.jpg */,
				CEFD7E39182420D4005EC11C /* photoShutter.mp3 */,
				CEFD7E3A182420D4005EC11C /* share.png */,
				CEFD7E3B182420D4005EC11C /* sliderIcon.png */,
			);
			path = Resources;
			sourceTree = "<group>";
		};
		CEFD7E42182420D4005EC11C /* Utils */ = {
			isa = PBXGroup;
			children = (
				CEFD7E43182420D4005EC11C /* SUConstants.h */,
				CEFD7E44182420D4005EC11C /* SUDrawUtil.h */,
				CEFD7E45182420D4005EC11C /* SUDrawUtil.m */,
				CEFD7E46182420D4005EC11C /* SUScreenshotUtil.h */,
				CEFD7E47182420D4005EC11C /* SUScreenshotUtil.m */,
			);
			path = Utils;
			sourceTree = "<group>";
		};
/* End PBXGroup section */

/* Begin PBXNativeTarget section */
		CEFD7DB018241F1C005EC11C /* ExampleCoolTool */ = {
			isa = PBXNativeTarget;
			buildConfigurationList = CEFD7DE618241F1C005EC11C /* Build configuration list for PBXNativeTarget "ExampleCoolTool" */;
			buildPhases = (
				CEFD7DAD18241F1C005EC11C /* Sources */,
				CEFD7DAE18241F1C005EC11C /* Frameworks */,
				CEFD7DAF18241F1C005EC11C /* Resources */,
			);
			buildRules = (
			);
			dependencies = (
			);
			name = ExampleCoolTool;
			productName = ExampleCoolTool;
			productReference = CEFD7DB118241F1C005EC11C /* ExampleCoolTool.app */;
			productType = "com.apple.product-type.application";
		};
		CEFD7DD418241F1C005EC11C /* ExampleCoolToolTests */ = {
			isa = PBXNativeTarget;
			buildConfigurationList = CEFD7DE918241F1C005EC11C /* Build configuration list for PBXNativeTarget "ExampleCoolToolTests" */;
			buildPhases = (
				CEFD7DD118241F1C005EC11C /* Sources */,
				CEFD7DD218241F1C005EC11C /* Frameworks */,
				CEFD7DD318241F1C005EC11C /* Resources */,
			);
			buildRules = (
			);
			dependencies = (
				CEFD7DDB18241F1C005EC11C /* PBXTargetDependency */,
			);
			name = ExampleCoolToolTests;
			productName = ExampleCoolToolTests;
			productReference = CEFD7DD518241F1C005EC11C /* ExampleCoolToolTests.xctest */;
			productType = "com.apple.product-type.bundle.unit-test";
		};
/* End PBXNativeTarget section */

/* Begin PBXProject section */
		CEFD7DA918241F1C005EC11C /* Project object */ = {
			isa = PBXProject;
			attributes = {
				CLASSPREFIX = SU;
				LastUpgradeCheck = 0500;
				ORGANIZATIONNAME = "Sigma Ukraine";
				TargetAttributes = {
					CEFD7DD418241F1C005EC11C = {
						TestTargetID = CEFD7DB018241F1C005EC11C;
					};
				};
			};
			buildConfigurationList = CEFD7DAC18241F1C005EC11C /* Build configuration list for PBXProject "ExampleCoolTool" */;
			compatibilityVersion = "Xcode 3.2";
			developmentRegion = English;
			hasScannedForEncodings = 0;
			knownRegions = (
				en,
				Base,
			);
			mainGroup = CEFD7DA818241F1C005EC11C;
			productRefGroup = CEFD7DB218241F1C005EC11C /* Products */;
			projectDirPath = "";
			projectRoot = "";
			targets = (
				CEFD7DB018241F1C005EC11C /* ExampleCoolTool */,
				CEFD7DD418241F1C005EC11C /* ExampleCoolToolTests */,
			);
		};
/* End PBXProject section */

/* Begin PBXResourcesBuildPhase section */
		CEFD7DAF18241F1C005EC11C /* Resources */ = {
			isa = PBXResourcesBuildPhase;
			buildActionMask = 2147483647;
			files = (
				CEFD7E63182420D4005EC11C /* photoShutter.mp3 in Resources */,
				CEFD7E62182420D4005EC11C /* ON.jpg in Resources */,
				CEFD7E0218241FDE005EC11C /* Images.xcassets in Resources */,
				CEFD7E5A182420D4005EC11C /* backIcon.png in Resources */,
				CEFD7E5B182420D4005EC11C /* closeIcon.jpeg in Resources */,
				CEFD7DFF18241FDE005EC11C /* Main_iPhone.storyboard in Resources */,
				CEFD7E65182420D4005EC11C /* sliderIcon.png in Resources */,
				CEFD7E5D182420D4005EC11C /* cornerIcon.png in Resources */,
				CEFD7E61182420D4005EC11C /* off.jpg in Resources */,
				CEFD7E5C182420D4005EC11C /* colorIcon.jpg in Resources */,
				CEFD7E60182420D4005EC11C /* gallery.png in Resources */,
				CEFD7E0018241FDE005EC11C /* InfoPlist.strings in Resources */,
				CEFD7DFE18241FDE005EC11C /* Main_iPad.storyboard in Resources */,
				CEFD7E5E182420D4005EC11C /* editIcon.png in Resources */,
				CEFD7E5F182420D4005EC11C /* CoolTool.strings in Resources */,
				CEFD7E59182420D4005EC11C /* addIcon.png in Resources */,
				CEFD7E64182420D4005EC11C /* share.png in Resources */,
			);
			runOnlyForDeploymentPostprocessing = 0;
		};
		CEFD7DD318241F1C005EC11C /* Resources */ = {
			isa = PBXResourcesBuildPhase;
			buildActionMask = 2147483647;
			files = (
				CEFD7DE118241F1C005EC11C /* InfoPlist.strings in Resources */,
			);
			runOnlyForDeploymentPostprocessing = 0;
		};
/* End PBXResourcesBuildPhase section */

/* Begin PBXSourcesBuildPhase section */
		CEFD7DAD18241F1C005EC11C /* Sources */ = {
			isa = PBXSourcesBuildPhase;
			buildActionMask = 2147483647;
			files = (
				CEFD7E66182420D4005EC11C /* SUCoolTool.m in Sources */,
				CEFD7E58182420D4005EC11C /* SUToolbarView.m in Sources */,
				CEFD7E57182420D4005EC11C /* SUGridView.m in Sources */,
				CEFD7E4B182420D4005EC11C /* SUErrorMarkingToolbar.m in Sources */,
				CEFD7E67182420D4005EC11C /* SUZGestureRecognizer.m in Sources */,
				CEFD7E56182420D4005EC11C /* SUGridUnderLayerView.m in Sources */,
				CEFD7E55182420D4005EC11C /* SUGridToolbar.m in Sources */,
				CEFD7E68182420D4005EC11C /* SUZGestureView.m in Sources */,
				CEFD7E4F182420D4005EC11C /* SUMarkViewToolbar.m in Sources */,
				CEFD7E4E182420D4005EC11C /* SUMarkView.m in Sources */,
				CEFD7E49182420D4005EC11C /* SUShareController.m in Sources */,
				CEFD7E69182420D4005EC11C /* SUDrawUtil.m in Sources */,
				CEFD7E53182420D4005EC11C /* SUGridRootView.m in Sources */,
				CEFD7E0318241FDE005EC11C /* main.m in Sources */,
				CEFD7E52182420D4005EC11C /* SUCompositeButton.m in Sources */,
				CEFD7DFD18241FDE005EC11C /* SUViewController.m in Sources */,
				CEFD7E50182420D4005EC11C /* SUTextMarkView.m in Sources */,
				CEFD7E0418241FDE005EC11C /* SUAppDelegate.m in Sources */,
				CEFD7E51182420D4005EC11C /* SUGridViewController.m in Sources */,
				CEFD7E4D182420D4005EC11C /* SUMarkColorView.m in Sources */,
				CEFD7E4C182420D4005EC11C /* SUErrorMarkingView.m in Sources */,
				CEFD7E4A182420D4005EC11C /* SUColorView.m in Sources */,
				CEFD7E48182420D4005EC11C /* SUErrorMarkingViewController.m in Sources */,
				CEFD7E6A182420D4005EC11C /* SUScreenshotUtil.m in Sources */,
				CEFD7E54182420D4005EC11C /* SUGridRulerView.m in Sources */,
			);
			runOnlyForDeploymentPostprocessing = 0;
		};
		CEFD7DD118241F1C005EC11C /* Sources */ = {
			isa = PBXSourcesBuildPhase;
			buildActionMask = 2147483647;
			files = (
				CEFD7DE318241F1C005EC11C /* ExampleCoolToolTests.m in Sources */,
			);
			runOnlyForDeploymentPostprocessing = 0;
		};
/* End PBXSourcesBuildPhase section */

/* Begin PBXTargetDependency section */
		CEFD7DDB18241F1C005EC11C /* PBXTargetDependency */ = {
			isa = PBXTargetDependency;
			target = CEFD7DB018241F1C005EC11C /* ExampleCoolTool */;
			targetProxy = CEFD7DDA18241F1C005EC11C /* PBXContainerItemProxy */;
		};
/* End PBXTargetDependency section */

/* Begin PBXVariantGroup section */
		CEFD7DDF18241F1C005EC11C /* InfoPlist.strings */ = {
			isa = PBXVariantGroup;
			children = (
				CEFD7DE018241F1C005EC11C /* en */,
			);
			name = InfoPlist.strings;
			sourceTree = "<group>";
		};
		CEFD7DF118241FDE005EC11C /* Main_iPad.storyboard */ = {
			isa = PBXVariantGroup;
			children = (
				CEFD7DF218241FDE005EC11C /* Base */,
			);
			name = Main_iPad.storyboard;
			sourceTree = "<group>";
		};
		CEFD7DF318241FDE005EC11C /* Main_iPhone.storyboard */ = {
			isa = PBXVariantGroup;
			children = (
				CEFD7DF418241FDE005EC11C /* Base */,
			);
			name = Main_iPhone.storyboard;
			sourceTree = "<group>";
		};
		CEFD7DF518241FDE005EC11C /* InfoPlist.strings */ = {
			isa = PBXVariantGroup;
			children = (
				CEFD7DF618241FDE005EC11C /* en */,
			);
			name = InfoPlist.strings;
			sourceTree = "<group>";
		};
		CEFD7E34182420D4005EC11C /* CoolTool.strings */ = {
			isa = PBXVariantGroup;
			children = (
				CEFD7E35182420D4005EC11C /* en */,
			);
			name = CoolTool.strings;
			sourceTree = "<group>";
		};
/* End PBXVariantGroup section */

/* Begin XCBuildConfiguration section */
		CEFD7DE418241F1C005EC11C /* Debug */ = {
			isa = XCBuildConfiguration;
			buildSettings = {
				ALWAYS_SEARCH_USER_PATHS = NO;
				ARCHS = "$(ARCHS_STANDARD_INCLUDING_64_BIT)";
				CLANG_CXX_LANGUAGE_STANDARD = "gnu++0x";
				CLANG_CXX_LIBRARY = "libc++";
				CLANG_ENABLE_MODULES = YES;
				CLANG_ENABLE_OBJC_ARC = YES;
				CLANG_WARN_BOOL_CONVERSION = YES;
				CLANG_WARN_CONSTANT_CONVERSION = YES;
				CLANG_WARN_DIRECT_OBJC_ISA_USAGE = YES_ERROR;
				CLANG_WARN_EMPTY_BODY = YES;
				CLANG_WARN_ENUM_CONVERSION = YES;
				CLANG_WARN_INT_CONVERSION = YES;
				CLANG_WARN_OBJC_ROOT_CLASS = YES_ERROR;
				CLANG_WARN__DUPLICATE_METHOD_MATCH = YES;
				"CODE_SIGN_IDENTITY[sdk=iphoneos*]" = "iPhone Developer";
				COPY_PHASE_STRIP = NO;
				GCC_C_LANGUAGE_STANDARD = gnu99;
				GCC_DYNAMIC_NO_PIC = NO;
				GCC_OPTIMIZATION_LEVEL = 0;
				GCC_PREPROCESSOR_DEFINITIONS = (
					"DEBUG=1",
					"$(inherited)",
				);
				GCC_SYMBOLS_PRIVATE_EXTERN = NO;
				GCC_WARN_64_TO_32_BIT_CONVERSION = YES;
				GCC_WARN_ABOUT_RETURN_TYPE = YES_ERROR;
				GCC_WARN_UNDECLARED_SELECTOR = YES;
				GCC_WARN_UNINITIALIZED_AUTOS = YES;
				GCC_WARN_UNUSED_FUNCTION = YES;
				GCC_WARN_UNUSED_VARIABLE = YES;
				IPHONEOS_DEPLOYMENT_TARGET = 7.0;
				ONLY_ACTIVE_ARCH = YES;
				SDKROOT = iphoneos;
				TARGETED_DEVICE_FAMILY = "1,2";
			};
			name = Debug;
		};
		CEFD7DE518241F1C005EC11C /* Release */ = {
			isa = XCBuildConfiguration;
			buildSettings = {
				ALWAYS_SEARCH_USER_PATHS = NO;
				ARCHS = "$(ARCHS_STANDARD_INCLUDING_64_BIT)";
				CLANG_CXX_LANGUAGE_STANDARD = "gnu++0x";
				CLANG_CXX_LIBRARY = "libc++";
				CLANG_ENABLE_MODULES = YES;
				CLANG_ENABLE_OBJC_ARC = YES;
				CLANG_WARN_BOOL_CONVERSION = YES;
				CLANG_WARN_CONSTANT_CONVERSION = YES;
				CLANG_WARN_DIRECT_OBJC_ISA_USAGE = YES_ERROR;
				CLANG_WARN_EMPTY_BODY = YES;
				CLANG_WARN_ENUM_CONVERSION = YES;
				CLANG_WARN_INT_CONVERSION = YES;
				CLANG_WARN_OBJC_ROOT_CLASS = YES_ERROR;
				CLANG_WARN__DUPLICATE_METHOD_MATCH = YES;
				"CODE_SIGN_IDENTITY[sdk=iphoneos*]" = "iPhone Developer";
				COPY_PHASE_STRIP = YES;
				ENABLE_NS_ASSERTIONS = NO;
				GCC_C_LANGUAGE_STANDARD = gnu99;
				GCC_WARN_64_TO_32_BIT_CONVERSION = YES;
				GCC_WARN_ABOUT_RETURN_TYPE = YES_ERROR;
				GCC_WARN_UNDECLARED_SELECTOR = YES;
				GCC_WARN_UNINITIALIZED_AUTOS = YES;
				GCC_WARN_UNUSED_FUNCTION = YES;
				GCC_WARN_UNUSED_VARIABLE = YES;
				IPHONEOS_DEPLOYMENT_TARGET = 7.0;
				SDKROOT = iphoneos;
				TARGETED_DEVICE_FAMILY = "1,2";
				VALIDATE_PRODUCT = YES;
			};
			name = Release;
		};
		CEFD7DE718241F1C005EC11C /* Debug */ = {
			isa = XCBuildConfiguration;
			buildSettings = {
				ASSETCATALOG_COMPILER_APPICON_NAME = AppIcon;
				ASSETCATALOG_COMPILER_LAUNCHIMAGE_NAME = LaunchImage;
				GCC_PRECOMPILE_PREFIX_HEADER = YES;
				GCC_PREFIX_HEADER = "ExampleCoolTool/Supporting Files/ExampleCoolTool-Prefix.pch";
				INFOPLIST_FILE = "ExampleCoolTool/Supporting Files/ExampleCoolTool-Info.plist";
				PRODUCT_NAME = "$(TARGET_NAME)";
				WRAPPER_EXTENSION = app;
			};
			name = Debug;
		};
		CEFD7DE818241F1C005EC11C /* Release */ = {
			isa = XCBuildConfiguration;
			buildSettings = {
				ASSETCATALOG_COMPILER_APPICON_NAME = AppIcon;
				ASSETCATALOG_COMPILER_LAUNCHIMAGE_NAME = LaunchImage;
				GCC_PRECOMPILE_PREFIX_HEADER = YES;
				GCC_PREFIX_HEADER = "ExampleCoolTool/Supporting Files/ExampleCoolTool-Prefix.pch";
				INFOPLIST_FILE = "ExampleCoolTool/Supporting Files/ExampleCoolTool-Info.plist";
				PRODUCT_NAME = "$(TARGET_NAME)";
				WRAPPER_EXTENSION = app;
			};
			name = Release;
		};
		CEFD7DEA18241F1C005EC11C /* Debug */ = {
			isa = XCBuildConfiguration;
			buildSettings = {
				ARCHS = "$(ARCHS_STANDARD_INCLUDING_64_BIT)";
				BUNDLE_LOADER = "$(BUILT_PRODUCTS_DIR)/ExampleCoolTool.app/ExampleCoolTool";
				FRAMEWORK_SEARCH_PATHS = (
					"$(SDKROOT)/Developer/Library/Frameworks",
					"$(inherited)",
					"$(DEVELOPER_FRAMEWORKS_DIR)",
				);
				GCC_PRECOMPILE_PREFIX_HEADER = YES;
				GCC_PREFIX_HEADER = "ExampleCoolTool/ExampleCoolTool-Prefix.pch";
				GCC_PREPROCESSOR_DEFINITIONS = (
					"DEBUG=1",
					"$(inherited)",
				);
				INFOPLIST_FILE = "ExampleCoolToolTests/ExampleCoolToolTests-Info.plist";
				PRODUCT_NAME = "$(TARGET_NAME)";
				TEST_HOST = "$(BUNDLE_LOADER)";
				WRAPPER_EXTENSION = xctest;
			};
			name = Debug;
		};
		CEFD7DEB18241F1C005EC11C /* Release */ = {
			isa = XCBuildConfiguration;
			buildSettings = {
				ARCHS = "$(ARCHS_STANDARD_INCLUDING_64_BIT)";
				BUNDLE_LOADER = "$(BUILT_PRODUCTS_DIR)/ExampleCoolTool.app/ExampleCoolTool";
				FRAMEWORK_SEARCH_PATHS = (
					"$(SDKROOT)/Developer/Library/Frameworks",
					"$(inherited)",
					"$(DEVELOPER_FRAMEWORKS_DIR)",
				);
				GCC_PRECOMPILE_PREFIX_HEADER = YES;
				GCC_PREFIX_HEADER = "ExampleCoolTool/ExampleCoolTool-Prefix.pch";
				INFOPLIST_FILE = "ExampleCoolToolTests/ExampleCoolToolTests-Info.plist";
				PRODUCT_NAME = "$(TARGET_NAME)";
				TEST_HOST = "$(BUNDLE_LOADER)";
				WRAPPER_EXTENSION = xctest;
			};
			name = Release;
		};
/* End XCBuildConfiguration section */

/* Begin XCConfigurationList section */
		CEFD7DAC18241F1C005EC11C /* Build configuration list for PBXProject "ExampleCoolTool" */ = {
			isa = XCConfigurationList;
			buildConfigurations = (
				CEFD7DE418241F1C005EC11C /* Debug */,
				CEFD7DE518241F1C005EC11C /* Release */,
			);
			defaultConfigurationIsVisible = 0;
			defaultConfigurationName = Release;
		};
		CEFD7DE618241F1C005EC11C /* Build configuration list for PBXNativeTarget "ExampleCoolTool" */ = {
			isa = XCConfigurationList;
			buildConfigurations = (
				CEFD7DE718241F1C005EC11C /* Debug */,
				CEFD7DE818241F1C005EC11C /* Release */,
			);
			defaultConfigurationIsVisible = 0;
		};
		CEFD7DE918241F1C005EC11C /* Build configuration list for PBXNativeTarget "ExampleCoolToolTests" */ = {
			isa = XCConfigurationList;
			buildConfigurations = (
				CEFD7DEA18241F1C005EC11C /* Debug */,
				CEFD7DEB18241F1C005EC11C /* Release */,
			);
			defaultConfigurationIsVisible = 0;
		};
/* End XCConfigurationList section */
	};
	rootObject = CEFD7DA918241F1C005EC11C /* Project object */;
}
